// !$*UTF8*$!
{
	archiveVersion = 1;
	classes = {
	};
	objectVersion = 46;
	objects = {

/* Begin PBXBuildFile section */
		270D9725190E27160034E50B /* Foundation.framework in Frameworks */ = {isa = PBXBuildFile; fileRef = 270D9724190E27160034E50B /* Foundation.framework */; };
		270D9727190E27160034E50B /* CoreGraphics.framework in Frameworks */ = {isa = PBXBuildFile; fileRef = 270D9726190E27160034E50B /* CoreGraphics.framework */; };
		270D9729190E27160034E50B /* UIKit.framework in Frameworks */ = {isa = PBXBuildFile; fileRef = 270D9728190E27160034E50B /* UIKit.framework */; };
		270D972F190E27160034E50B /* InfoPlist.strings in Resources */ = {isa = PBXBuildFile; fileRef = 270D972D190E27160034E50B /* InfoPlist.strings */; };
		270D9731190E27160034E50B /* main.m in Sources */ = {isa = PBXBuildFile; fileRef = 270D9730190E27160034E50B /* main.m */; };
		270D9735190E27160034E50B /* AppDelegate.m in Sources */ = {isa = PBXBuildFile; fileRef = 270D9734190E27160034E50B /* AppDelegate.m */; };
		270D9737190E27160034E50B /* Images.xcassets in Resources */ = {isa = PBXBuildFile; fileRef = 270D9736190E27160034E50B /* Images.xcassets */; };
		270D973E190E27160034E50B /* XCTest.framework in Frameworks */ = {isa = PBXBuildFile; fileRef = 270D973D190E27160034E50B /* XCTest.framework */; };
		270D973F190E27170034E50B /* Foundation.framework in Frameworks */ = {isa = PBXBuildFile; fileRef = 270D9724190E27160034E50B /* Foundation.framework */; };
		270D9740190E27170034E50B /* UIKit.framework in Frameworks */ = {isa = PBXBuildFile; fileRef = 270D9728190E27160034E50B /* UIKit.framework */; };
		270D9748190E27170034E50B /* InfoPlist.strings in Resources */ = {isa = PBXBuildFile; fileRef = 270D9746190E27170034E50B /* InfoPlist.strings */; };
		270D974A190E27170034E50B /* iPhoneAppPractiseMVCTests.m in Sources */ = {isa = PBXBuildFile; fileRef = 270D9749190E27170034E50B /* iPhoneAppPractiseMVCTests.m */; };
		270D9756190E27F00034E50B /* ViewController.m in Sources */ = {isa = PBXBuildFile; fileRef = 270D9754190E27F00034E50B /* ViewController.m */; };
		270D9757190E27F00034E50B /* ViewController.xib in Resources */ = {isa = PBXBuildFile; fileRef = 270D9755190E27F00034E50B /* ViewController.xib */; };
		270D975A190E299E0034E50B /* dataModel.m in Sources */ = {isa = PBXBuildFile; fileRef = 270D9759190E299E0034E50B /* dataModel.m */; };
		9286DC26190E6AC500B11B32 /* pic.m in Sources */ = {isa = PBXBuildFile; fileRef = 9286DC25190E6AC500B11B32 /* pic.m */; };
		9286DC28190E6AF800B11B32 /* maro.JPG in Resources */ = {isa = PBXBuildFile; fileRef = 9286DC27190E6AF800B11B32 /* maro.JPG */; };
/* End PBXBuildFile section */

/* Begin PBXContainerItemProxy section */
		270D9741190E27170034E50B /* PBXContainerItemProxy */ = {
			isa = PBXContainerItemProxy;
			containerPortal = 270D9719190E27160034E50B /* Project object */;
			proxyType = 1;
			remoteGlobalIDString = 270D9720190E27160034E50B;
			remoteInfo = iPhoneAppPractiseMVC;
		};
/* End PBXContainerItemProxy section */

/* Begin PBXFileReference section */
		270D9721190E27160034E50B /* iPhoneAppPractiseMVC.app */ = {isa = PBXFileReference; explicitFileType = wrapper.application; includeInIndex = 0; path = iPhoneAppPractiseMVC.app; sourceTree = BUILT_PRODUCTS_DIR; };
		270D9724190E27160034E50B /* Foundation.framework */ = {isa = PBXFileReference; lastKnownFileType = wrapper.framework; name = Foundation.framework; path = System/Library/Frameworks/Foundation.framework; sourceTree = SDKROOT; };
		270D9726190E27160034E50B /* CoreGraphics.framework */ = {isa = PBXFileReference; lastKnownFileType = wrapper.framework; name = CoreGraphics.framework; path = System/Library/Frameworks/CoreGraphics.framework; sourceTree = SDKROOT; };
		270D9728190E27160034E50B /* UIKit.framework */ = {isa = PBXFileReference; lastKnownFileType = wrapper.framework; name = UIKit.framework; path = System/Library/Frameworks/UIKit.framework; sourceTree = SDKROOT; };
		270D972C190E27160034E50B /* iPhoneAppPractiseMVC-Info.plist */ = {isa = PBXFileReference; lastKnownFileType = text.plist.xml; path = "iPhoneAppPractiseMVC-Info.plist"; sourceTree = "<group>"; };
		270D972E190E27160034E50B /* en */ = {isa = PBXFileReference; lastKnownFileType = text.plist.strings; name = en; path = en.lproj/InfoPlist.strings; sourceTree = "<group>"; };
		270D9730190E27160034E50B /* main.m */ = {isa = PBXFileReference; lastKnownFileType = sourcecode.c.objc; path = main.m; sourceTree = "<group>"; };
		270D9732190E27160034E50B /* iPhoneAppPractiseMVC-Prefix.pch */ = {isa = PBXFileReference; lastKnownFileType = sourcecode.c.h; path = "iPhoneAppPractiseMVC-Prefix.pch"; sourceTree = "<group>"; };
		270D9733190E27160034E50B /* AppDelegate.h */ = {isa = PBXFileReference; lastKnownFileType = sourcecode.c.h; path = AppDelegate.h; sourceTree = "<group>"; };
		270D9734190E27160034E50B /* AppDelegate.m */ = {isa = PBXFileReference; lastKnownFileType = sourcecode.c.objc; path = AppDelegate.m; sourceTree = "<group>"; };
		270D9736190E27160034E50B /* Images.xcassets */ = {isa = PBXFileReference; lastKnownFileType = folder.assetcatalog; path = Images.xcassets; sourceTree = "<group>"; };
		270D973C190E27160034E50B /* iPhoneAppPractiseMVCTests.xctest */ = {isa = PBXFileReference; explicitFileType = wrapper.cfbundle; includeInIndex = 0; path = iPhoneAppPractiseMVCTests.xctest; sourceTree = BUILT_PRODUCTS_DIR; };
		270D973D190E27160034E50B /* XCTest.framework */ = {isa = PBXFileReference; lastKnownFileType = wrapper.framework; name = XCTest.framework; path = Library/Frameworks/XCTest.framework; sourceTree = DEVELOPER_DIR; };
		270D9745190E27170034E50B /* iPhoneAppPractiseMVCTests-Info.plist */ = {isa = PBXFileReference; lastKnownFileType = text.plist.xml; path = "iPhoneAppPractiseMVCTests-Info.plist"; sourceTree = "<group>"; };
		270D9747190E27170034E50B /* en */ = {isa = PBXFileReference; lastKnownFileType = text.plist.strings; name = en; path = en.lproj/InfoPlist.strings; sourceTree = "<group>"; };
		270D9749190E27170034E50B /* iPhoneAppPractiseMVCTests.m */ = {isa = PBXFileReference; lastKnownFileType = sourcecode.c.objc; path = iPhoneAppPractiseMVCTests.m; sourceTree = "<group>"; };
		270D9753190E27F00034E50B /* ViewController.h */ = {isa = PBXFileReference; fileEncoding = 4; lastKnownFileType = sourcecode.c.h; path = ViewController.h; sourceTree = "<group>"; };
		270D9754190E27F00034E50B /* ViewController.m */ = {isa = PBXFileReference; fileEncoding = 4; lastKnownFileType = sourcecode.c.objc; path = ViewController.m; sourceTree = "<group>"; };
		270D9755190E27F00034E50B /* ViewController.xib */ = {isa = PBXFileReference; fileEncoding = 4; lastKnownFileType = file.xib; path = ViewController.xib; sourceTree = "<group>"; };
		270D9758190E299E0034E50B /* dataModel.h */ = {isa = PBXFileReference; fileEncoding = 4; lastKnownFileType = sourcecode.c.h; path = dataModel.h; sourceTree = "<group>"; };
		270D9759190E299E0034E50B /* dataModel.m */ = {isa = PBXFileReference; fileEncoding = 4; lastKnownFileType = sourcecode.c.objc; path = dataModel.m; sourceTree = "<group>"; };
		9286DC24190E6AC500B11B32 /* pic.h */ = {isa = PBXFileReference; fileEncoding = 4; lastKnownFileType = sourcecode.c.h; path = pic.h; sourceTree = "<group>"; };
		9286DC25190E6AC500B11B32 /* pic.m */ = {isa = PBXFileReference; fileEncoding = 4; lastKnownFileType = sourcecode.c.objc; path = pic.m; sourceTree = "<group>"; };
		9286DC27190E6AF800B11B32 /* maro.JPG */ = {isa = PBXFileReference; lastKnownFileType = image.jpeg; path = maro.JPG; sourceTree = "<group>"; };
/* End PBXFileReference section */

/* Begin PBXFrameworksBuildPhase section */
		270D971E190E27160034E50B /* Frameworks */ = {
			isa = PBXFrameworksBuildPhase;
			buildActionMask = 2147483647;
			files = (
				270D9727190E27160034E50B /* CoreGraphics.framework in Frameworks */,
				270D9729190E27160034E50B /* UIKit.framework in Frameworks */,
				270D9725190E27160034E50B /* Foundation.framework in Frameworks */,
			);
			runOnlyForDeploymentPostprocessing = 0;
		};
		270D9739190E27160034E50B /* Frameworks */ = {
			isa = PBXFrameworksBuildPhase;
			buildActionMask = 2147483647;
			files = (
				270D973E190E27160034E50B /* XCTest.framework in Frameworks */,
				270D9740190E27170034E50B /* UIKit.framework in Frameworks */,
				270D973F190E27170034E50B /* Foundation.framework in Frameworks */,
			);
			runOnlyForDeploymentPostprocessing = 0;
		};
/* End PBXFrameworksBuildPhase section */

/* Begin PBXGroup section */
		270D9718190E27160034E50B = {
			isa = PBXGroup;
			children = (
				270D972A190E27160034E50B /* iPhoneAppPractiseMVC */,
				270D9743190E27170034E50B /* iPhoneAppPractiseMVCTests */,
				270D9723190E27160034E50B /* Frameworks */,
				270D9722190E27160034E50B /* Products */,
			);
			sourceTree = "<group>";
		};
		270D9722190E27160034E50B /* Products */ = {
			isa = PBXGroup;
			children = (
				270D9721190E27160034E50B /* iPhoneAppPractiseMVC.app */,
				270D973C190E27160034E50B /* iPhoneAppPractiseMVCTests.xctest */,
			);
			name = Products;
			sourceTree = "<group>";
		};
		270D9723190E27160034E50B /* Frameworks */ = {
			isa = PBXGroup;
			children = (
				270D9724190E27160034E50B /* Foundation.framework */,
				270D9726190E27160034E50B /* CoreGraphics.framework */,
				270D9728190E27160034E50B /* UIKit.framework */,
				270D973D190E27160034E50B /* XCTest.framework */,
			);
			name = Frameworks;
			sourceTree = "<group>";
		};
		270D972A190E27160034E50B /* iPhoneAppPractiseMVC */ = {
			isa = PBXGroup;
			children = (
				270D9733190E27160034E50B /* AppDelegate.h */,
				270D9734190E27160034E50B /* AppDelegate.m */,
				270D9753190E27F00034E50B /* ViewController.h */,
				270D9754190E27F00034E50B /* ViewController.m */,
				270D9755190E27F00034E50B /* ViewController.xib */,
				270D9736190E27160034E50B /* Images.xcassets */,
				9286DC27190E6AF800B11B32 /* maro.JPG */,
				270D972B190E27160034E50B /* Supporting Files */,
				270D9758190E299E0034E50B /* dataModel.h */,
				270D9759190E299E0034E50B /* dataModel.m */,
				9286DC24190E6AC500B11B32 /* pic.h */,
				9286DC25190E6AC500B11B32 /* pic.m */,
			);
			path = iPhoneAppPractiseMVC;
			sourceTree = "<group>";
		};
		270D972B190E27160034E50B /* Supporting Files */ = {
			isa = PBXGroup;
			children = (
				270D972C190E27160034E50B /* iPhoneAppPractiseMVC-Info.plist */,
				270D972D190E27160034E50B /* InfoPlist.strings */,
				270D9730190E27160034E50B /* main.m */,
				270D9732190E27160034E50B /* iPhoneAppPractiseMVC-Prefix.pch */,
			);
			name = "Supporting Files";
			sourceTree = "<group>";
		};
		270D9743190E27170034E50B /* iPhoneAppPractiseMVCTests */ = {
			isa = PBXGroup;
			children = (
				270D9749190E27170034E50B /* iPhoneAppPractiseMVCTests.m */,
				270D9744190E27170034E50B /* Supporting Files */,
			);
			path = iPhoneAppPractiseMVCTests;
			sourceTree = "<group>";
		};
		270D9744190E27170034E50B /* Supporting Files */ = {
			isa = PBXGroup;
			children = (
				270D9745190E27170034E50B /* iPhoneAppPractiseMVCTests-Info.plist */,
				270D9746190E27170034E50B /* InfoPlist.strings */,
			);
			name = "Supporting Files";
			sourceTree = "<group>";
		};
/* End PBXGroup section */

/* Begin PBXNativeTarget section */
		270D9720190E27160034E50B /* iPhoneAppPractiseMVC */ = {
			isa = PBXNativeTarget;
			buildConfigurationList = 270D974D190E27170034E50B /* Build configuration list for PBXNativeTarget "iPhoneAppPractiseMVC" */;
			buildPhases = (
				270D971D190E27160034E50B /* Sources */,
				270D971E190E27160034E50B /* Frameworks */,
				270D971F190E27160034E50B /* Resources */,
			);
			buildRules = (
			);
			dependencies = (
			);
			name = iPhoneAppPractiseMVC;
			productName = iPhoneAppPractiseMVC;
			productReference = 270D9721190E27160034E50B /* iPhoneAppPractiseMVC.app */;
			productType = "com.apple.product-type.application";
		};
		270D973B190E27160034E50B /* iPhoneAppPractiseMVCTests */ = {
			isa = PBXNativeTarget;
			buildConfigurationList = 270D9750190E27170034E50B /* Build configuration list for PBXNativeTarget "iPhoneAppPractiseMVCTests" */;
			buildPhases = (
				270D9738190E27160034E50B /* Sources */,
				270D9739190E27160034E50B /* Frameworks */,
				270D973A190E27160034E50B /* Resources */,
			);
			buildRules = (
			);
			dependencies = (
				270D9742190E27170034E50B /* PBXTargetDependency */,
			);
			name = iPhoneAppPractiseMVCTests;
			productName = iPhoneAppPractiseMVCTests;
			productReference = 270D973C190E27160034E50B /* iPhoneAppPractiseMVCTests.xctest */;
			productType = "com.apple.product-type.bundle.unit-test";
		};
/* End PBXNativeTarget section */

/* Begin PBXProject section */
		270D9719190E27160034E50B /* Project object */ = {
			isa = PBXProject;
			attributes = {
				LastUpgradeCheck = 0510;
				ORGANIZATIONNAME = "Chris Arquelada";
				TargetAttributes = {
					270D973B190E27160034E50B = {
						TestTargetID = 270D9720190E27160034E50B;
					};
				};
			};
			buildConfigurationList = 270D971C190E27160034E50B /* Build configuration list for PBXProject "iPhoneAppPractiseMVC" */;
			compatibilityVersion = "Xcode 3.2";
			developmentRegion = English;
			hasScannedForEncodings = 0;
			knownRegions = (
				en,
			);
			mainGroup = 270D9718190E27160034E50B;
			productRefGroup = 270D9722190E27160034E50B /* Products */;
			projectDirPath = "";
			projectRoot = "";
			targets = (
				270D9720190E27160034E50B /* iPhoneAppPractiseMVC */,
				270D973B190E27160034E50B /* iPhoneAppPractiseMVCTests */,
			);
		};
/* End PBXProject section */

/* Begin PBXResourcesBuildPhase section */
		270D971F190E27160034E50B /* Resources */ = {
			isa = PBXResourcesBuildPhase;
			buildActionMask = 2147483647;
			files = (
				9286DC28190E6AF800B11B32 /* maro.JPG in Resources */,
				270D972F190E27160034E50B /* InfoPlist.strings in Resources */,
				270D9757190E27F00034E50B /* ViewController.xib in Resources */,
				270D9737190E27160034E50B /* Images.xcassets in Resources */,
			);
			runOnlyForDeploymentPostprocessing = 0;
		};
		270D973A190E27160034E50B /* Resources */ = {
			isa = PBXResourcesBuildPhase;
			buildActionMask = 2147483647;
			files = (
				270D9748190E27170034E50B /* InfoPlist.strings in Resources */,
			);
			runOnlyForDeploymentPostprocessing = 0;
		};
/* End PBXResourcesBuildPhase section */

/* Begin PBXSourcesBuildPhase section */
		270D971D190E27160034E50B /* Sources */ = {
			isa = PBXSourcesBuildPhase;
			buildActionMask = 2147483647;
			files = (
				270D9756190E27F00034E50B /* ViewController.m in Sources */,
				270D975A190E299E0034E50B /* dataModel.m in Sources */,
				9286DC26190E6AC500B11B32 /* pic.m in Sources */,
				270D9735190E27160034E50B /* AppDelegate.m in Sources */,
				270D9731190E27160034E50B /* main.m in Sources */,
			);
			runOnlyForDeploymentPostprocessing = 0;
		};
		270D9738190E27160034E50B /* Sources */ = {
			isa = PBXSourcesBuildPhase;
			buildActionMask = 2147483647;
			files = (
				270D974A190E27170034E50B /* iPhoneAppPractiseMVCTests.m in Sources */,
			);
			runOnlyForDeploymentPostprocessing = 0;
		};
/* End PBXSourcesBuildPhase section */

/* Begin PBXTargetDependency section */
		270D9742190E27170034E50B /* PBXTargetDependency */ = {
			isa = PBXTargetDependency;
			target = 270D9720190E27160034E50B /* iPhoneAppPractiseMVC */;
			targetProxy = 270D9741190E27170034E50B /* PBXContainerItemProxy */;
		};
/* End PBXTargetDependency section */

/* Begin PBXVariantGroup section */
		270D972D190E27160034E50B /* InfoPlist.strings */ = {
			isa = PBXVariantGroup;
			children = (
				270D972E190E27160034E50B /* en */,
			);
			name = InfoPlist.strings;
			sourceTree = "<group>";
		};
		270D9746190E27170034E50B /* InfoPlist.strings */ = {
			isa = PBXVariantGroup;
			children = (
				270D9747190E27170034E50B /* en */,
			);
			name = InfoPlist.strings;
			sourceTree = "<group>";
		};
/* End PBXVariantGroup section */

/* Begin XCBuildConfiguration section */
		270D974B190E27170034E50B /* Debug */ = {
			isa = XCBuildConfiguration;
			buildSettings = {
				ALWAYS_SEARCH_USER_PATHS = NO;
				CLANG_CXX_LANGUAGE_STANDARD = "gnu++0x";
				CLANG_CXX_LIBRARY = "libc++";
				CLANG_ENABLE_MODULES = YES;
				CLANG_ENABLE_OBJC_ARC = YES;
				CLANG_WARN_BOOL_CONVERSION = YES;
				CLANG_WARN_CONSTANT_CONVERSION = YES;
				CLANG_WARN_DIRECT_OBJC_ISA_USAGE = YES_ERROR;
				CLANG_WARN_EMPTY_BODY = YES;
				CLANG_WARN_ENUM_CONVERSION = YES;
				CLANG_WARN_INT_CONVERSION = YES;
				CLANG_WARN_OBJC_ROOT_CLASS = YES_ERROR;
				CLANG_WARN__DUPLICATE_METHOD_MATCH = YES;
				"CODE_SIGN_IDENTITY[sdk=iphoneos*]" = "iPhone Developer";
				COPY_PHASE_STRIP = NO;
				GCC_C_LANGUAGE_STANDARD = gnu99;
				GCC_DYNAMIC_NO_PIC = NO;
				GCC_OPTIMIZATION_LEVEL = 0;
				GCC_PREPROCESSOR_DEFINITIONS = (
					"DEBUG=1",
					"$(inherited)",
				);
				GCC_SYMBOLS_PRIVATE_EXTERN = NO;
				GCC_WARN_64_TO_32_BIT_CONVERSION = YES;
				GCC_WARN_ABOUT_RETURN_TYPE = YES_ERROR;
				GCC_WARN_UNDECLARED_SELECTOR = YES;
				GCC_WARN_UNINITIALIZED_AUTOS = YES_AGGRESSIVE;
				GCC_WARN_UNUSED_FUNCTION = YES;
				GCC_WARN_UNUSED_VARIABLE = YES;
				IPHONEOS_DEPLOYMENT_TARGET = 7.1;
				ONLY_ACTIVE_ARCH = YES;
				SDKROOT = iphoneos;
			};
			name = Debug;
		};
		270D974C190E27170034E50B /* Release */ = {
			isa = XCBuildConfiguration;
			buildSettings = {
				ALWAYS_SEARCH_USER_PATHS = NO;
				CLANG_CXX_LANGUAGE_STANDARD = "gnu++0x";
				CLANG_CXX_LIBRARY = "libc++";
				CLANG_ENABLE_MODULES = YES;
				CLANG_ENABLE_OBJC_ARC = YES;
				CLANG_WARN_BOOL_CONVERSION = YES;
				CLANG_WARN_CONSTANT_CONVERSION = YES;
				CLANG_WARN_DIRECT_OBJC_ISA_USAGE = YES_ERROR;
				CLANG_WARN_EMPTY_BODY = YES;
				CLANG_WARN_ENUM_CONVERSION = YES;
				CLANG_WARN_INT_CONVERSION = YES;
				CLANG_WARN_OBJC_ROOT_CLASS = YES_ERROR;
				CLANG_WARN__DUPLICATE_METHOD_MATCH = YES;
				"CODE_SIGN_IDENTITY[sdk=iphoneos*]" = "iPhone Developer";
				COPY_PHASE_STRIP = YES;
				ENABLE_NS_ASSERTIONS = NO;
				GCC_C_LANGUAGE_STANDARD = gnu99;
				GCC_WARN_64_TO_32_BIT_CONVERSION = YES;
				GCC_WARN_ABOUT_RETURN_TYPE = YES_ERROR;
				GCC_WARN_UNDECLARED_SELECTOR = YES;
				GCC_WARN_UNINITIALIZED_AUTOS = YES_AGGRESSIVE;
				GCC_WARN_UNUSED_FUNCTION = YES;
				GCC_WARN_UNUSED_VARIABLE = YES;
				IPHONEOS_DEPLOYMENT_TARGET = 7.1;
				SDKROOT = iphoneos;
				VALIDATE_PRODUCT = YES;
			};
			name = Release;
		};
		270D974E190E27170034E50B /* Debug */ = {
			isa = XCBuildConfiguration;
			buildSettings = {
				ASSETCATALOG_COMPILER_APPICON_NAME = AppIcon;
				ASSETCATALOG_COMPILER_LAUNCHIMAGE_NAME = LaunchImage;
				GCC_PRECOMPILE_PREFIX_HEADER = YES;
				GCC_PREFIX_HEADER = "iPhoneAppPractiseMVC/iPhoneAppPractiseMVC-Prefix.pch";
				INFOPLIST_FILE = "iPhoneAppPractiseMVC/iPhoneAppPractiseMVC-Info.plist";
				IPHONEOS_DEPLOYMENT_TARGET = 7.0;
				PRODUCT_NAME = "$(TARGET_NAME)";
				WRAPPER_EXTENSION = app;
			};
			name = Debug;
		};
		270D974F190E27170034E50B /* Release */ = {
			isa = XCBuildConfiguration;
			buildSettings = {
				ASSETCATALOG_COMPILER_APPICON_NAME = AppIcon;
				ASSETCATALOG_COMPILER_LAUNCHIMAGE_NAME = LaunchImage;
				GCC_PRECOMPILE_PREFIX_HEADER = YES;
				GCC_PREFIX_HEADER = "iPhoneAppPractiseMVC/iPhoneAppPractiseMVC-Prefix.pch";
				INFOPLIST_FILE = "iPhoneAppPractiseMVC/iPhoneAppPractiseMVC-Info.plist";
				IPHONEOS_DEPLOYMENT_TARGET = 7.0;
				PRODUCT_NAME = "$(TARGET_NAME)";
				WRAPPER_EXTENSION = app;
			};
			name = Release;
		};
		270D9751190E27170034E50B /* Debug */ = {
			isa = XCBuildConfiguration;
			buildSettings = {
				BUNDLE_LOADER = "$(BUILT_PRODUCTS_DIR)/iPhoneAppPractiseMVC.app/iPhoneAppPractiseMVC";
				FRAMEWORK_SEARCH_PATHS = (
					"$(SDKROOT)/Developer/Library/Frameworks",
					"$(inherited)",
					"$(DEVELOPER_FRAMEWORKS_DIR)",
				);
				GCC_PRECOMPILE_PREFIX_HEADER = YES;
				GCC_PREFIX_HEADER = "iPhoneAppPractiseMVC/iPhoneAppPractiseMVC-Prefix.pch";
				GCC_PREPROCESSOR_DEFINITIONS = (
					"DEBUG=1",
					"$(inherited)",
				);
				INFOPLIST_FILE = "iPhoneAppPractiseMVCTests/iPhoneAppPractiseMVCTests-Info.plist";
				PRODUCT_NAME = "$(TARGET_NAME)";
				TEST_HOST = "$(BUNDLE_LOADER)";
				WRAPPER_EXTENSION = xctest;
			};
			name = Debug;
		};
		270D9752190E27170034E50B /* Release */ = {
			isa = XCBuildConfiguration;
			buildSettings = {
				BUNDLE_LOADER = "$(BUILT_PRODUCTS_DIR)/iPhoneAppPractiseMVC.app/iPhoneAppPractiseMVC";
				FRAMEWORK_SEARCH_PATHS = (
					"$(SDKROOT)/Developer/Library/Frameworks",
					"$(inherited)",
					"$(DEVELOPER_FRAMEWORKS_DIR)",
				);
				GCC_PRECOMPILE_PREFIX_HEADER = YES;
				GCC_PREFIX_HEADER = "iPhoneAppPractiseMVC/iPhoneAppPractiseMVC-Prefix.pch";
				INFOPLIST_FILE = "iPhoneAppPractiseMVCTests/iPhoneAppPractiseMVCTests-Info.plist";
				PRODUCT_NAME = "$(TARGET_NAME)";
				TEST_HOST = "$(BUNDLE_LOADER)";
				WRAPPER_EXTENSION = xctest;
			};
			name = Release;
		};
/* End XCBuildConfiguration section */

/* Begin XCConfigurationList section */
		270D971C190E27160034E50B /* Build configuration list for PBXProject "iPhoneAppPractiseMVC" */ = {
			isa = XCConfigurationList;
			buildConfigurations = (
				270D974B190E27170034E50B /* Debug */,
				270D974C190E27170034E50B /* Release */,
			);
			defaultConfigurationIsVisible = 0;
			defaultConfigurationName = Release;
		};
		270D974D190E27170034E50B /* Build configuration list for PBXNativeTarget "iPhoneAppPractiseMVC" */ = {
			isa = XCConfigurationList;
			buildConfigurations = (
				270D974E190E27170034E50B /* Debug */,
				270D974F190E27170034E50B /* Release */,
			);
			defaultConfigurationIsVisible = 0;
			defaultConfigurationName = Release;
		};
		270D9750190E27170034E50B /* Build configuration list for PBXNativeTarget "iPhoneAppPractiseMVCTests" */ = {
			isa = XCConfigurationList;
			buildConfigurations = (
				270D9751190E27170034E50B /* Debug */,
				270D9752190E27170034E50B /* Release */,
			);
			defaultConfigurationIsVisible = 0;
			defaultConfigurationName = Release;
		};
/* End XCConfigurationList section */
	};
	rootObject = 270D9719190E27160034E50B /* Project object */;
}
